{
  "name": "WorkingChapultepec",
  "version": "0.1.0",
  "lockfileVersion": 1,
  "requires": true,
  "dependencies": {
    "a-sync-waterfall": {
      "version": "1.0.0",
      "resolved": "https://registry.npmjs.org/a-sync-waterfall/-/a-sync-waterfall-1.0.0.tgz",
      "integrity": "sha1-OOgxnXk3niRiiEW1O5ZyKyng5Hw=",
      "dev": true
    },
    "asap": {
      "version": "2.0.5",
      "resolved": "https://registry.npmjs.org/asap/-/asap-2.0.5.tgz",
      "integrity": "sha1-UidltQw1EEkOUtfc/ghe+bqWlY8=",
      "dev": true
    },
    "autoprefixer-stylus": {
      "version": "0.11.0",
      "resolved": "https://registry.npmjs.org/autoprefixer-stylus/-/autoprefixer-stylus-0.11.0.tgz",
      "integrity": "sha1-AgZO2IvHzws3PzNGu14GYDmzbgI=",
      "dev": true
    },
    "gulp": {
      "version": "3.9.1",
      "resolved": "https://registry.npmjs.org/gulp/-/gulp-3.9.1.tgz",
      "integrity": "sha1-VxzkWSjdQK9lFPxAEYZgFsE4RbQ=",
      "dev": true
    },
    "gulp-concat": {
      "version": "2.6.1",
      "resolved": "https://registry.npmjs.org/gulp-concat/-/gulp-concat-2.6.1.tgz",
      "integrity": "sha1-Yz0WyV2IUEYorQJmVmPO5aR5M1M=",
      "dev": true,
      "dependencies": {
        "clone-stats": {
          "version": "1.0.0",
          "resolved": "https://registry.npmjs.org/clone-stats/-/clone-stats-1.0.0.tgz",
          "integrity": "sha1-s3gt/4u1R04Yuba/D9/ngvh3doA="
        },
        "replace-ext": {
          "version": "1.0.0",
          "resolved": "https://registry.npmjs.org/replace-ext/-/replace-ext-1.0.0.tgz",
          "integrity": "sha1-3mMSg3P8v3w8z6TeWkgMRaZ5WOs="
        },
        "vinyl": {
          "version": "2.0.2",
          "resolved": "https://registry.npmjs.org/vinyl/-/vinyl-2.0.2.tgz",
          "integrity": "sha1-CjcT2NTpIhxY8QyhbAEWyeJe2nw="
        }
      }
    },
    "gulp-concat-css": {
      "version": "2.3.0",
      "resolved": "https://registry.npmjs.org/gulp-concat-css/-/gulp-concat-css-2.3.0.tgz",
      "integrity": "sha1-TBWGEhqEEf9LLcRPz6TcdA6P4bY=",
      "dev": true,
      "dependencies": {
        "through2": {
          "version": "1.1.1",
          "resolved": "https://registry.npmjs.org/through2/-/through2-1.1.1.tgz",
          "integrity": "sha1-CEfLxESfNAVXTb3M2buEG4OsNUU="
        }
      }
    },
    "gulp-connect": {
      "version": "5.0.0",
      "resolved": "https://registry.npmjs.org/gulp-connect/-/gulp-connect-5.0.0.tgz",
      "integrity": "sha1-8v3zBq6RFGg2jCKF8teC8T7dr04=",
      "dev": true
    },
    "gulp-data": {
      "version": "1.2.1",
      "resolved": "https://registry.npmjs.org/gulp-data/-/gulp-data-1.2.1.tgz",
      "integrity": "sha1-qUtU3n1PO46h9A74WXScJFeM8Ss=",
      "dev": true
    },
    "gulp-gh-pages": {
      "version": "0.5.4",
      "resolved": "https://registry.npmjs.org/gulp-gh-pages/-/gulp-gh-pages-0.5.4.tgz",
      "integrity": "sha1-pnMspHWrm1pTJTwcJHNMQMIbZUY=",
      "dev": true,
      "dependencies": {
        "glob": {
          "version": "5.0.15",
          "resolved": "https://registry.npmjs.org/glob/-/glob-5.0.15.tgz",
          "integrity": "sha1-G8k2ueAvSmA/zCIuz3Yz0wuLk7E="
        },
        "glob-parent": {
          "version": "3.1.0",
          "resolved": "https://registry.npmjs.org/glob-parent/-/glob-parent-3.1.0.tgz",
          "integrity": "sha1-nmr2KZ2NO9K9QEMIMr0RPfkGxa4="
        },
        "glob-stream": {
          "version": "5.3.5",
          "resolved": "https://registry.npmjs.org/glob-stream/-/glob-stream-5.3.5.tgz",
          "integrity": "sha1-pVZlqajM3EGRWofHAeMtTgFvrSI=",
          "dependencies": {
            "isarray": {
              "version": "0.0.1",
              "resolved": "https://registry.npmjs.org/isarray/-/isarray-0.0.1.tgz",
              "integrity": "sha1-ihis/Kmo9Bd+Cav8YDiTmwXR7t8="
            },
            "readable-stream": {
              "version": "1.0.34",
              "resolved": "https://registry.npmjs.org/readable-stream/-/readable-stream-1.0.34.tgz",
              "integrity": "sha1-Elgg40vIQtLyqq+v5MKRbuMsFXw="
            },
            "string_decoder": {
              "version": "0.10.31",
              "resolved": "https://registry.npmjs.org/string_decoder/-/string_decoder-0.10.31.tgz",
              "integrity": "sha1-YuIDvEF2bGwoyfyEMB2rHFMQ+pQ="
            },
            "through2": {
              "version": "0.6.5",
              "resolved": "https://registry.npmjs.org/through2/-/through2-0.6.5.tgz",
              "integrity": "sha1-QaucZ7KdVyCQcUEOHXp6lozTrUg="
            }
          }
        },
        "graceful-fs": {
          "version": "4.1.11",
          "resolved": "https://registry.npmjs.org/graceful-fs/-/graceful-fs-4.1.11.tgz",
          "integrity": "sha1-Dovf5NHduIVNZOBOp8AOKgJuVlg="
        },
        "is-extglob": {
          "version": "2.1.1",
          "resolved": "https://registry.npmjs.org/is-extglob/-/is-extglob-2.1.1.tgz",
          "integrity": "sha1-qIwCU1eR8C7TfHahueqXc8gz+MI="
        },
        "is-glob": {
          "version": "3.1.0",
          "resolved": "https://registry.npmjs.org/is-glob/-/is-glob-3.1.0.tgz",
          "integrity": "sha1-e6WuJCF4BKxwcHuWkiVnSGzD6Eo="
        },
        "isarray": {
          "version": "1.0.0",
          "resolved": "https://registry.npmjs.org/isarray/-/isarray-1.0.0.tgz",
          "integrity": "sha1-u5NdSFgsuhaMBoNJV6VKPgcSTxE="
        },
        "object-assign": {
          "version": "4.1.1",
          "resolved": "https://registry.npmjs.org/object-assign/-/object-assign-4.1.1.tgz",
          "integrity": "sha1-IQmtx5ZYh8/AXLvUQsrIv7s2CGM="
        },
        "ordered-read-streams": {
          "version": "0.3.0",
          "resolved": "https://registry.npmjs.org/ordered-read-streams/-/ordered-read-streams-0.3.0.tgz",
          "integrity": "sha1-cTfmmzKYuzQiR6G77jiByA4v14s="
        },
        "readable-stream": {
          "version": "2.2.11",
          "resolved": "https://registry.npmjs.org/readable-stream/-/readable-stream-2.2.11.tgz",
          "integrity": "sha512-h+8+r3MKEhkiVrwdKL8aWs1oc1VvBu33ueshOvS26RsZQ3Amhx/oO3TKe4lApSV9ueY6as8EAh7mtuFjdlhg9Q=="
        },
        "string_decoder": {
          "version": "1.0.2",
          "resolved": "https://registry.npmjs.org/string_decoder/-/string_decoder-1.0.2.tgz",
          "integrity": "sha1-sp4fThEl+pehA4K4pTNze3SR4Xk="
        },
        "strip-bom": {
          "version": "2.0.0",
          "resolved": "https://registry.npmjs.org/strip-bom/-/strip-bom-2.0.0.tgz",
          "integrity": "sha1-YhmoVhZSBJHzV4i9vxRHqZx+aw4="
        },
        "unique-stream": {
          "version": "2.2.1",
          "resolved": "https://registry.npmjs.org/unique-stream/-/unique-stream-2.2.1.tgz",
          "integrity": "sha1-WqADz76Uxf+GbE59ZouxxNuts2k="
        },
        "vinyl": {
          "version": "1.2.0",
          "resolved": "https://registry.npmjs.org/vinyl/-/vinyl-1.2.0.tgz",
          "integrity": "sha1-XIgDbPVl5d8FVYv8kR+GVt8hiIQ="
        },
        "vinyl-fs": {
          "version": "2.4.4",
          "resolved": "https://registry.npmjs.org/vinyl-fs/-/vinyl-fs-2.4.4.tgz",
          "integrity": "sha1-vm/zJwy1Xf19MGNkDegfJddTIjk="
        }
      }
    },
    "gulp-if": {
      "version": "2.0.2",
      "resolved": "https://registry.npmjs.org/gulp-if/-/gulp-if-2.0.2.tgz",
      "integrity": "sha1-pJe351cwBQQcqivIt92jyARE1ik=",
      "dev": true
    },
    "gulp-imagemin": {
      "version": "3.3.0",
      "resolved": "https://registry.npmjs.org/gulp-imagemin/-/gulp-imagemin-3.3.0.tgz",
      "integrity": "sha1-xVdkwmBZPoWVYJ5mpAEmkR7yImQ=",
      "dev": true
    },
    "gulp-jshint": {
      "version": "2.0.4",
      "resolved": "https://registry.npmjs.org/gulp-jshint/-/gulp-jshint-2.0.4.tgz",
      "integrity": "sha1-84KxhWSxBy3vDJqvdTwUba208Og=",
      "dev": true,
      "dependencies": {
        "lodash": {
          "version": "4.17.4",
          "resolved": "https://registry.npmjs.org/lodash/-/lodash-4.17.4.tgz",
          "integrity": "sha1-eCA6TRwyiuHYbcpkYONptX9AVa4="
        },
        "minimatch": {
          "version": "3.0.4",
          "resolved": "https://registry.npmjs.org/minimatch/-/minimatch-3.0.4.tgz",
          "integrity": "sha512-yJHVQEhyqPLUTgt9B83PXu6W3rx4MvvHvSUvToogpwoGDOUQ+yDrR0HRot+yOCdCO7u4hX3pWft6kWBBcqh0UA=="
        }
      }
    },
    "gulp-minify-css": {
      "version": "1.2.4",
      "resolved": "https://registry.npmjs.org/gulp-minify-css/-/gulp-minify-css-1.2.4.tgz",
      "integrity": "sha1-thZJV2Auon+eWtiCJ2ld0gV3jAY=",
      "dev": true,
      "dependencies": {
        "isarray": {
          "version": "1.0.0",
          "resolved": "https://registry.npmjs.org/isarray/-/isarray-1.0.0.tgz",
          "integrity": "sha1-u5NdSFgsuhaMBoNJV6VKPgcSTxE="
        },
        "object-assign": {
          "version": "4.1.1",
          "resolved": "https://registry.npmjs.org/object-assign/-/object-assign-4.1.1.tgz",
          "integrity": "sha1-IQmtx5ZYh8/AXLvUQsrIv7s2CGM="
        },
        "readable-stream": {
          "version": "2.2.11",
          "resolved": "https://registry.npmjs.org/readable-stream/-/readable-stream-2.2.11.tgz",
          "integrity": "sha512-h+8+r3MKEhkiVrwdKL8aWs1oc1VvBu33ueshOvS26RsZQ3Amhx/oO3TKe4lApSV9ueY6as8EAh7mtuFjdlhg9Q=="
        },
        "string_decoder": {
          "version": "1.0.2",
          "resolved": "https://registry.npmjs.org/string_decoder/-/string_decoder-1.0.2.tgz",
          "integrity": "sha1-sp4fThEl+pehA4K4pTNze3SR4Xk="
        }
      }
    },
    "gulp-nunjucks-render": {
      "version": "2.2.1",
      "resolved": "https://registry.npmjs.org/gulp-nunjucks-render/-/gulp-nunjucks-render-2.2.1.tgz",
      "integrity": "sha1-Nxxqyv6Uup1pzlpfxDwVI4Y7EPA=",
      "dev": true,
      "dependencies": {
        "ansi-regex": {
          "version": "0.2.1",
          "resolved": "https://registry.npmjs.org/ansi-regex/-/ansi-regex-0.2.1.tgz",
          "integrity": "sha1-DY6UaWej2BQ/k+JOKYUl/BsiNfk="
        },
        "ansi-styles": {
          "version": "1.1.0",
          "resolved": "https://registry.npmjs.org/ansi-styles/-/ansi-styles-1.1.0.tgz",
          "integrity": "sha1-6uy/Zs1waIJ2Cy9GkVgrj1XXp94="
        },
        "chalk": {
          "version": "0.5.1",
          "resolved": "https://registry.npmjs.org/chalk/-/chalk-0.5.1.tgz",
          "integrity": "sha1-Zjs6ZItotV0EaQ1JFnqoN4WPIXQ="
        },
        "dateformat": {
          "version": "1.0.12",
          "resolved": "https://registry.npmjs.org/dateformat/-/dateformat-1.0.12.tgz",
          "integrity": "sha1-nxJLZ1lMk3/3BpMuSmQsyo27/uk="
        },
        "gulp-util": {
          "version": "2.2.20",
          "resolved": "https://registry.npmjs.org/gulp-util/-/gulp-util-2.2.20.tgz",
          "integrity": "sha1-1xRuVyiRC9jwR6awseVJvCLb1kw=",
          "dependencies": {
            "through2": {
              "version": "0.5.1",
              "resolved": "https://registry.npmjs.org/through2/-/through2-0.5.1.tgz",
              "integrity": "sha1-390BLrnHAOIyP9M084rGIqs3Lac="
            }
          }
        },
        "has-ansi": {
          "version": "0.1.0",
          "resolved": "https://registry.npmjs.org/has-ansi/-/has-ansi-0.1.0.tgz",
          "integrity": "sha1-hPJlqujA5qiKEtcCKJS3VoiUxi4="
        },
        "lodash": {
          "version": "3.10.1",
          "resolved": "https://registry.npmjs.org/lodash/-/lodash-3.10.1.tgz",
          "integrity": "sha1-W/Rejkm6QYnhfUgnid/RW9FAt7Y="
        },
        "lodash._reinterpolate": {
          "version": "2.4.1",
          "resolved": "https://registry.npmjs.org/lodash._reinterpolate/-/lodash._reinterpolate-2.4.1.tgz",
          "integrity": "sha1-TxInqlqHEfxjL1sHofRgequLMiI="
        },
        "lodash.defaults": {
          "version": "2.4.1",
          "resolved": "https://registry.npmjs.org/lodash.defaults/-/lodash.defaults-2.4.1.tgz",
          "integrity": "sha1-p+iIXwXmiFEUS24SqPNngCa8TFQ="
        },
        "lodash.escape": {
          "version": "2.4.1",
          "resolved": "https://registry.npmjs.org/lodash.escape/-/lodash.escape-2.4.1.tgz",
          "integrity": "sha1-LOEsXghNsKV92l5dHu659dF1o7Q="
        },
        "lodash.isobject": {
          "version": "2.4.1",
          "resolved": "https://registry.npmjs.org/lodash.isobject/-/lodash.isobject-2.4.1.tgz",
          "integrity": "sha1-Wi5H/mmVPx7mMafrof5k0tBlWPU="
        },
        "lodash.keys": {
          "version": "2.4.1",
          "resolved": "https://registry.npmjs.org/lodash.keys/-/lodash.keys-2.4.1.tgz",
          "integrity": "sha1-SN6kbfj/djKxDXBrissmWR4rNyc="
        },
        "lodash.template": {
          "version": "2.4.1",
          "resolved": "https://registry.npmjs.org/lodash.template/-/lodash.template-2.4.1.tgz",
          "integrity": "sha1-nmEQB+32KRKal0qzxIuBez4c8g0="
        },
        "lodash.templatesettings": {
          "version": "2.4.1",
          "resolved": "https://registry.npmjs.org/lodash.templatesettings/-/lodash.templatesettings-2.4.1.tgz",
          "integrity": "sha1-6nbHXRHrhtTb6JqDiTu4YZKaxpk="
        },
        "minimist": {
          "version": "0.2.0",
          "resolved": "https://registry.npmjs.org/minimist/-/minimist-0.2.0.tgz",
          "integrity": "sha1-Tf/lJdriuGTGbC4jxicdev3s784="
        },
        "nunjucks": {
          "version": "3.0.1",
          "resolved": "https://registry.npmjs.org/nunjucks/-/nunjucks-3.0.1.tgz",
          "integrity": "sha1-TedKPlULr2+jNwMj89HHwqhr3E0="
        },
        "readable-stream": {
          "version": "1.0.34",
          "resolved": "https://registry.npmjs.org/readable-stream/-/readable-stream-1.0.34.tgz",
          "integrity": "sha1-Elgg40vIQtLyqq+v5MKRbuMsFXw="
        },
        "strip-ansi": {
          "version": "0.3.0",
          "resolved": "https://registry.npmjs.org/strip-ansi/-/strip-ansi-0.3.0.tgz",
          "integrity": "sha1-JfSOoiynkYfzF0pNuHWTR7sSYiA="
        },
        "supports-color": {
          "version": "0.2.0",
          "resolved": "https://registry.npmjs.org/supports-color/-/supports-color-0.2.0.tgz",
          "integrity": "sha1-2S3iaU6z9nMjlz1649i1W0wiGQo="
        },
        "through2": {
          "version": "0.4.2",
          "resolved": "https://registry.npmjs.org/through2/-/through2-0.4.2.tgz",
          "integrity": "sha1-2/WGYDEVHsg1K7bE22SiKSqEC5s=",
          "dependencies": {
            "xtend": {
              "version": "2.1.2",
              "resolved": "https://registry.npmjs.org/xtend/-/xtend-2.1.2.tgz",
              "integrity": "sha1-bv7MKk2tjmlixJAbM3znuoe10os="
            }
          }
        },
        "vinyl": {
          "version": "0.2.3",
          "resolved": "https://registry.npmjs.org/vinyl/-/vinyl-0.2.3.tgz",
          "integrity": "sha1-vKk4IJWC7FpJrVOKAPofEl5RMlI="
        },
        "xtend": {
          "version": "3.0.0",
          "resolved": "https://registry.npmjs.org/xtend/-/xtend-3.0.0.tgz",
          "integrity": "sha1-XM50B7r2Qsunvs2laBEcST9ZZlo="
        },
        "yargs": {
          "version": "3.32.0",
          "resolved": "https://registry.npmjs.org/yargs/-/yargs-3.32.0.tgz",
          "integrity": "sha1-AwiOnr+edWtpdRYR0qXvWRSCyZU="
        }
      }
    },
    "gulp-stylus": {
      "version": "2.6.0",
      "resolved": "https://registry.npmjs.org/gulp-stylus/-/gulp-stylus-2.6.0.tgz",
      "integrity": "sha1-sLf6TbhE5u6CsQdcqXQFZGlgg6E=",
      "dev": true
    },
    "gulp-uglify": {
      "version": "2.1.2",
      "resolved": "https://registry.npmjs.org/gulp-uglify/-/gulp-uglify-2.1.2.tgz",
      "integrity": "sha1-bbhbHQ7mPRgFhZK2WGSdZcLsRUE=",
      "dev": true,
      "dependencies": {
        "lodash": {
          "version": "4.17.4",
          "resolved": "https://registry.npmjs.org/lodash/-/lodash-4.17.4.tgz",
          "integrity": "sha1-eCA6TRwyiuHYbcpkYONptX9AVa4="
        }
      }
    },
    "jshint": {
      "version": "2.9.4",
      "resolved": "https://registry.npmjs.org/jshint/-/jshint-2.9.4.tgz",
      "integrity": "sha1-XjupeEjVKQJz21FK7kf+JM9ZKTQ=",
      "dev": true,
      "dependencies": {
        "lodash": {
          "version": "3.7.0",
          "resolved": "https://registry.npmjs.org/lodash/-/lodash-3.7.0.tgz",
          "integrity": "sha1-Nni9irmVBXwHreg27S7wh9qBHUU="
        },
        "minimatch": {
          "version": "3.0.4",
          "resolved": "https://registry.npmjs.org/minimatch/-/minimatch-3.0.4.tgz",
          "integrity": "sha512-yJHVQEhyqPLUTgt9B83PXu6W3rx4MvvHvSUvToogpwoGDOUQ+yDrR0HRot+yOCdCO7u4hX3pWft6kWBBcqh0UA=="
        },
        "strip-json-comments": {
          "version": "1.0.4",
          "resolved": "https://registry.npmjs.org/strip-json-comments/-/strip-json-comments-1.0.4.tgz",
          "integrity": "sha1-HhX7ysl9Pumb8tc7TGVrCCu6+5E="
        }
      }
    },
    "jshint-stylish": {
      "version": "2.2.1",
      "resolved": "https://registry.npmjs.org/jshint-stylish/-/jshint-stylish-2.2.1.tgz",
      "integrity": "sha1-JCCCosA1rgP9gQROBXDMQgjPbmE=",
      "dev": true
    },
    "main-bower-files": {
      "version": "2.13.1",
      "resolved": "https://registry.npmjs.org/main-bower-files/-/main-bower-files-2.13.1.tgz",
      "integrity": "sha1-fhvFxJg1LM7NXfCH8T1fMbwFfT4=",
      "dev": true,
      "dependencies": {
        "extend": {
          "version": "2.0.1",
          "resolved": "https://registry.npmjs.org/extend/-/extend-2.0.1.tgz",
          "integrity": "sha1-HugBBonnOV/5RIJByYZSvHWagmA="
        },
        "glob": {
          "version": "5.0.15",
          "resolved": "https://registry.npmjs.org/glob/-/glob-5.0.15.tgz",
          "integrity": "sha1-G8k2ueAvSmA/zCIuz3Yz0wuLk7E="
        },
        "glob-parent": {
          "version": "3.1.0",
          "resolved": "https://registry.npmjs.org/glob-parent/-/glob-parent-3.1.0.tgz",
          "integrity": "sha1-nmr2KZ2NO9K9QEMIMr0RPfkGxa4="
        },
        "glob-stream": {
          "version": "5.3.5",
          "resolved": "https://registry.npmjs.org/glob-stream/-/glob-stream-5.3.5.tgz",
          "integrity": "sha1-pVZlqajM3EGRWofHAeMtTgFvrSI=",
          "dependencies": {
            "extend": {
              "version": "3.0.1",
              "resolved": "https://registry.npmjs.org/extend/-/extend-3.0.1.tgz",
              "integrity": "sha1-p1Xqe8Gt/MWjHOfnYtuq3F5jZEQ="
            },
            "isarray": {
              "version": "0.0.1",
              "resolved": "https://registry.npmjs.org/isarray/-/isarray-0.0.1.tgz",
              "integrity": "sha1-ihis/Kmo9Bd+Cav8YDiTmwXR7t8="
            },
            "readable-stream": {
              "version": "1.0.34",
              "resolved": "https://registry.npmjs.org/readable-stream/-/readable-stream-1.0.34.tgz",
              "integrity": "sha1-Elgg40vIQtLyqq+v5MKRbuMsFXw="
            },
            "string_decoder": {
              "version": "0.10.31",
              "resolved": "https://registry.npmjs.org/string_decoder/-/string_decoder-0.10.31.tgz",
              "integrity": "sha1-YuIDvEF2bGwoyfyEMB2rHFMQ+pQ="
            },
            "through2": {
              "version": "0.6.5",
              "resolved": "https://registry.npmjs.org/through2/-/through2-0.6.5.tgz",
              "integrity": "sha1-QaucZ7KdVyCQcUEOHXp6lozTrUg="
            }
          }
        },
        "graceful-fs": {
          "version": "4.1.11",
          "resolved": "https://registry.npmjs.org/graceful-fs/-/graceful-fs-4.1.11.tgz",
          "integrity": "sha1-Dovf5NHduIVNZOBOp8AOKgJuVlg="
        },
        "is-extglob": {
          "version": "2.1.1",
          "resolved": "https://registry.npmjs.org/is-extglob/-/is-extglob-2.1.1.tgz",
          "integrity": "sha1-qIwCU1eR8C7TfHahueqXc8gz+MI="
        },
        "is-glob": {
          "version": "3.1.0",
          "resolved": "https://registry.npmjs.org/is-glob/-/is-glob-3.1.0.tgz",
          "integrity": "sha1-e6WuJCF4BKxwcHuWkiVnSGzD6Eo="
        },
        "isarray": {
          "version": "1.0.0",
          "resolved": "https://registry.npmjs.org/isarray/-/isarray-1.0.0.tgz",
          "integrity": "sha1-u5NdSFgsuhaMBoNJV6VKPgcSTxE="
        },
        "object-assign": {
          "version": "4.1.1",
          "resolved": "https://registry.npmjs.org/object-assign/-/object-assign-4.1.1.tgz",
          "integrity": "sha1-IQmtx5ZYh8/AXLvUQsrIv7s2CGM="
        },
        "ordered-read-streams": {
          "version": "0.3.0",
          "resolved": "https://registry.npmjs.org/ordered-read-streams/-/ordered-read-streams-0.3.0.tgz",
          "integrity": "sha1-cTfmmzKYuzQiR6G77jiByA4v14s="
        },
        "path-exists": {
          "version": "1.0.0",
          "resolved": "https://registry.npmjs.org/path-exists/-/path-exists-1.0.0.tgz",
          "integrity": "sha1-1aiZjrce83p0w06w2eum6HjuoIE="
        },
        "readable-stream": {
          "version": "2.2.11",
          "resolved": "https://registry.npmjs.org/readable-stream/-/readable-stream-2.2.11.tgz",
          "integrity": "sha512-h+8+r3MKEhkiVrwdKL8aWs1oc1VvBu33ueshOvS26RsZQ3Amhx/oO3TKe4lApSV9ueY6as8EAh7mtuFjdlhg9Q=="
        },
        "string_decoder": {
          "version": "1.0.2",
          "resolved": "https://registry.npmjs.org/string_decoder/-/string_decoder-1.0.2.tgz",
          "integrity": "sha1-sp4fThEl+pehA4K4pTNze3SR4Xk="
        },
        "strip-bom": {
          "version": "2.0.0",
          "resolved": "https://registry.npmjs.org/strip-bom/-/strip-bom-2.0.0.tgz",
          "integrity": "sha1-YhmoVhZSBJHzV4i9vxRHqZx+aw4="
        },
        "strip-json-comments": {
          "version": "1.0.4",
          "resolved": "https://registry.npmjs.org/strip-json-comments/-/strip-json-comments-1.0.4.tgz",
          "integrity": "sha1-HhX7ysl9Pumb8tc7TGVrCCu6+5E="
        },
        "unique-stream": {
          "version": "2.2.1",
          "resolved": "https://registry.npmjs.org/unique-stream/-/unique-stream-2.2.1.tgz",
          "integrity": "sha1-WqADz76Uxf+GbE59ZouxxNuts2k="
        },
        "vinyl": {
          "version": "1.2.0",
          "resolved": "https://registry.npmjs.org/vinyl/-/vinyl-1.2.0.tgz",
          "integrity": "sha1-XIgDbPVl5d8FVYv8kR+GVt8hiIQ="
        },
        "vinyl-fs": {
          "version": "2.4.4",
          "resolved": "https://registry.npmjs.org/vinyl-fs/-/vinyl-fs-2.4.4.tgz",
          "integrity": "sha1-vm/zJwy1Xf19MGNkDegfJddTIjk="
        }
      }
    },
    "nunjucks": {
      "version": "3.2.4",
      "resolved": "https://registry.npmjs.org/nunjucks/-/nunjucks-3.2.4.tgz",
      "integrity": "sha512-26XRV6BhkgK0VOxfbU5cQI+ICFUtMLixv1noZn1tGU38kQH5A5nmmbk/O45xdyBhD1esk47nKrY0mvQpZIhRjQ==",
      "dev": true,
      "requires": {
        "a-sync-waterfall": "^1.0.0",
        "asap": "^2.0.3",
        "commander": "^5.1.0"
      },
      "dependencies": {
        "commander": {
          "version": "5.1.0",
          "resolved": "https://registry.npmjs.org/commander/-/commander-5.1.0.tgz",
          "integrity": "sha512-P0CysNDQ7rtVw4QIQtm+MRxV66vKFSvlsQvGYXZWR3qFU0jlMKHZZZgw8e+8DSah4UDKMqnknRDQz+xuQXQ/Zg==",
          "dev": true
        }
      }
    },
    "portfinder": {
      "version": "1.0.13",
      "resolved": "https://registry.npmjs.org/portfinder/-/portfinder-1.0.13.tgz",
      "integrity": "sha1-uzLs2HwnEErm7kS1o8y/Drsa7ek=",
      "dev": true
    },
    "require-dir": {
      "version": "0.3.2",
      "resolved": "https://registry.npmjs.org/require-dir/-/require-dir-0.3.2.tgz",
      "integrity": "sha1-wdXHXp+//eny5rM+OD209ZS1pqk=",
      "dev": true
    },
    "stylus-iconfont": {
      "version": "0.10.1",
      "resolved": "https://registry.npmjs.org/stylus-iconfont/-/stylus-iconfont-0.10.1.tgz",
      "integrity": "sha1-GLOAgJ0nkm9vCJz80llNuLKMmDs=",
      "dev": true,
      "dependencies": {
        "glob": {
          "version": "3.2.11",
          "resolved": "https://registry.npmjs.org/glob/-/glob-3.2.11.tgz",
          "integrity": "sha1-Spc/Y1uRkPcV0QmH1cAP0oFevj0="
        },
        "minimatch": {
          "version": "0.3.0",
          "resolved": "https://registry.npmjs.org/minimatch/-/minimatch-0.3.0.tgz",
          "integrity": "sha1-J12O2qxPG7MyZHIInnlJyDlGmd0="
        },
        "sax": {
          "version": "0.5.8",
          "resolved": "https://registry.npmjs.org/sax/-/sax-0.5.8.tgz",
          "integrity": "sha1-1HLbIo6zMcJQaw6MFVJK25OdEsE="
        },
        "source-map": {
          "version": "0.1.43",
          "resolved": "https://registry.npmjs.org/source-map/-/source-map-0.1.43.tgz",
          "integrity": "sha1-wkvBRspRfBRx9drL4lcbK3+eM0Y="
        },
        "stylus": {
          "version": "0.48.1",
          "resolved": "https://registry.npmjs.org/stylus/-/stylus-0.48.1.tgz",
          "integrity": "sha1-YSwbiAbOLDXzfNOletkyyIP3/xA=",
          "dependencies": {
            "mkdirp": {
              "version": "0.3.5",
              "resolved": "https://registry.npmjs.org/mkdirp/-/mkdirp-0.3.5.tgz",
              "integrity": "sha1-3j5fiWHIjHh+4TaN+EmsRBPsqNc="
            }
          }
        }
      }
    },
    "stylus-import-tree": {
      "version": "0.1.10",
      "resolved": "https://registry.npmjs.org/stylus-import-tree/-/stylus-import-tree-0.1.10.tgz",
      "integrity": "sha1-7uf55hg3Bo3wTh3v2XM2YtxhyIY=",
      "dev": true,
      "dependencies": {
        "glob": {
          "version": "3.2.11",
          "resolved": "https://registry.npmjs.org/glob/-/glob-3.2.11.tgz",
          "integrity": "sha1-Spc/Y1uRkPcV0QmH1cAP0oFevj0="
        },
        "minimatch": {
          "version": "0.3.0",
          "resolved": "https://registry.npmjs.org/minimatch/-/minimatch-0.3.0.tgz",
          "integrity": "sha1-J12O2qxPG7MyZHIInnlJyDlGmd0="
        },
        "underscore": {
          "version": "1.5.2",
          "resolved": "https://registry.npmjs.org/underscore/-/underscore-1.5.2.tgz",
          "integrity": "sha1-EzXF5PXm0zu7SwBrqMhqAPVW3gg="
        }
      }
    },
    "yargs": {
      "version": "6.6.0",
      "resolved": "https://registry.npmjs.org/yargs/-/yargs-6.6.0.tgz",
      "integrity": "sha1-eC7CHvQDNF+DCoCMo9UTr1YGUgg=",
      "dev": true,
      "dependencies": {
        "camelcase": {
          "version": "3.0.0",
          "resolved": "https://registry.npmjs.org/camelcase/-/camelcase-3.0.0.tgz",
          "integrity": "sha1-MvxLn82vhF/N9+c7uXysImHwqwo="
        }
      }
    }
  }
}
